
Microsoft Visual Studio Solution File, Format Version 12.00
# Visual Studio 15
VisualStudioVersion = 15.0.27004.2002
MinimumVisualStudioVersion = 10.0.40219.1
Project("{FAE04EC0-301F-11D3-BF4B-00C04F79EFBC}") = "EasyReader", "TextRecognition\EasyReader.csproj", "{DBE510DE-9D6B-438F-B5D2-A84FDFEA663B}"
EndProject
Global
	GlobalSection(SolutionConfigurationPlatforms) = preSolution
		Debug|Any CPU = Debug|Any CPU
		Release|Any CPU = Release|Any CPU
	EndGlobalSection
	GlobalSection(ProjectConfigurationPlatforms) = postSolution
		{DBE510DE-9D6B-438F-B5D2-A84FDFEA663B}.Debug|Any CPU.ActiveCfg = Debug|Any CPU
		{DBE510DE-9D6B-438F-B5D2-A84FDFEA663B}.Debug|Any CPU.Build.0 = Debug|Any CPU
		{DBE510DE-9D6B-438F-B5D2-A84FDFEA663B}.Debug|Any CPU.Deploy.0 = Debug|Any CPU
		{DBE510DE-9D6B-438F-B5D2-A84FDFEA663B}.Release|Any CPU.ActiveCfg = Release|Any CPU
		{DBE510DE-9D6B-438F-B5D2-A84FDFEA663B}.Release|Any CPU.Build.0 = Release|Any CPU
		{DBE510DE-9D6B-438F-B5D2-A84FDFEA663B}.Release|Any CPU.Deploy.0 = Release|Any CPU
	EndGlobalSection
	GlobalSection(SolutionProperties) = preSolution
		HideSolutionNode = FALSE
	EndGlobalSection
	GlobalSection(ExtensibilityGlobals) = postSolution
		SolutionGuid = {0F9C91BA-E154-4B6E-B4C7-ABAB7134E63B}
	EndGlobalSection
EndGlobal
